
Microsoft Visual Studio Solution File, Format Version 12.00
# Visual Studio Version 16
VisualStudioVersion = 16.0.30225.117
MinimumVisualStudioVersion = 10.0.40219.1
Project("{FAE04EC0-301F-11D3-BF4B-00C04F79EFBC}") = "TimetableManagementSystem", "TimetableManagementSystem\TimetableManagementSystem.csproj", "{FED2CD81-9182-4DC5-81C7-1E52606718FE}"
EndProject
Project("{54435603-DBB4-11D2-8724-00A0C9A8B90C}") = "2020-REG-WE-06 TimeTable Management System", "2020-REG-WE-06 TimeTable Management System\2020-REG-WE-06 TimeTable Management System.vdproj", "{3632318B-DA3D-42A8-B8F7-79610073D48F}"
EndProject
Global
	GlobalSection(SolutionConfigurationPlatforms) = preSolution
		Debug|Any CPU = Debug|Any CPU
		Release|Any CPU = Release|Any CPU
	EndGlobalSection
	GlobalSection(ProjectConfigurationPlatforms) = postSolution
		{FED2CD81-9182-4DC5-81C7-1E52606718FE}.Debug|Any CPU.ActiveCfg = Debug|Any CPU
		{FED2CD81-9182-4DC5-81C7-1E52606718FE}.Debug|Any CPU.Build.0 = Debug|Any CPU
		{FED2CD81-9182-4DC5-81C7-1E52606718FE}.Release|Any CPU.ActiveCfg = Release|Any CPU
		{FED2CD81-9182-4DC5-81C7-1E52606718FE}.Release|Any CPU.Build.0 = Release|Any CPU
		{3632318B-DA3D-42A8-B8F7-79610073D48F}.Debug|Any CPU.ActiveCfg = Release
		{3632318B-DA3D-42A8-B8F7-79610073D48F}.Release|Any CPU.ActiveCfg = Release
	EndGlobalSection
	GlobalSection(SolutionProperties) = preSolution
		HideSolutionNode = FALSE
	EndGlobalSection
	GlobalSection(ExtensibilityGlobals) = postSolution
		SolutionGuid = {D314426C-B082-496F-9A42-7DC353099356}
	EndGlobalSection
EndGlobal
